
Microsoft Visual Studio Solution File, Format Version 12.00
# Visual Studio Version 17
VisualStudioVersion = 17.12.35707.178
MinimumVisualStudioVersion = 10.0.40219.1
Project("{2150E333-8FDC-42A3-9474-1A3956D46DE8}") = "Application", "Application", "{57B9A990-B102-4793-8104-8AC319C3CFD9}"
EndProject
Project("{2150E333-8FDC-42A3-9474-1A3956D46DE8}") = "Services", "Services", "{4E325260-2BC1-4CD1-991E-6929CC99B19E}"
EndProject
Project("{FAE04EC0-301F-11D3-BF4B-00C04F79EFBC}") = "Banner.Api", "Banner.Api\Banner.Api.csproj", "{FD788618-C11E-4ED2-AAE2-8FBA4E3BBFD5}"
EndProject
Project("{FAE04EC0-301F-11D3-BF4B-00C04F79EFBC}") = "Banner.Service", "Banner.Service\Banner.Service.csproj", "{BFC7078B-4355-4386-93E2-2DE5F3950399}"
EndProject
Global
	GlobalSection(SolutionConfigurationPlatforms) = preSolution
		Debug|Any CPU = Debug|Any CPU
		Release|Any CPU = Release|Any CPU
	EndGlobalSection
	GlobalSection(ProjectConfigurationPlatforms) = postSolution
		{FD788618-C11E-4ED2-AAE2-8FBA4E3BBFD5}.Debug|Any CPU.ActiveCfg = Debug|Any CPU
		{FD788618-C11E-4ED2-AAE2-8FBA4E3BBFD5}.Debug|Any CPU.Build.0 = Debug|Any CPU
		{FD788618-C11E-4ED2-AAE2-8FBA4E3BBFD5}.Release|Any CPU.ActiveCfg = Release|Any CPU
		{FD788618-C11E-4ED2-AAE2-8FBA4E3BBFD5}.Release|Any CPU.Build.0 = Release|Any CPU
		{BFC7078B-4355-4386-93E2-2DE5F3950399}.Debug|Any CPU.ActiveCfg = Debug|Any CPU
		{BFC7078B-4355-4386-93E2-2DE5F3950399}.Debug|Any CPU.Build.0 = Debug|Any CPU
		{BFC7078B-4355-4386-93E2-2DE5F3950399}.Release|Any CPU.ActiveCfg = Release|Any CPU
		{BFC7078B-4355-4386-93E2-2DE5F3950399}.Release|Any CPU.Build.0 = Release|Any CPU
	EndGlobalSection
	GlobalSection(SolutionProperties) = preSolution
		HideSolutionNode = FALSE
	EndGlobalSection
	GlobalSection(NestedProjects) = preSolution
		{FD788618-C11E-4ED2-AAE2-8FBA4E3BBFD5} = {57B9A990-B102-4793-8104-8AC319C3CFD9}
		{BFC7078B-4355-4386-93E2-2DE5F3950399} = {4E325260-2BC1-4CD1-991E-6929CC99B19E}
	EndGlobalSection
EndGlobal
